
Microsoft Visual Studio Solution File, Format Version 12.00
# Visual Studio 15
VisualStudioVersion = 15.0.28307.168
MinimumVisualStudioVersion = 10.0.40219.1
Project("{FAE04EC0-301F-11D3-BF4B-00C04F79EFBC}") = "WebApi", "WebApi\WebApi.csproj", "{39F40744-649A-49ED-B9D8-6186460C4ABE}"
EndProject
Project("{FAE04EC0-301F-11D3-BF4B-00C04F79EFBC}") = "DAL", "DAL\DAL.csproj", "{95F61439-B054-4DFA-8000-B01181895309}"
EndProject
Project("{FAE04EC0-301F-11D3-BF4B-00C04F79EFBC}") = "BLL", "BLL\BLL.csproj", "{08A2C876-0B24-4C8A-90FC-8B916556ACBF}"
EndProject
Global
	GlobalSection(SolutionConfigurationPlatforms) = preSolution
		Debug|Any CPU = Debug|Any CPU
		Release|Any CPU = Release|Any CPU
	EndGlobalSection
	GlobalSection(ProjectConfigurationPlatforms) = postSolution
		{39F40744-649A-49ED-B9D8-6186460C4ABE}.Debug|Any CPU.ActiveCfg = Debug|Any CPU
		{39F40744-649A-49ED-B9D8-6186460C4ABE}.Debug|Any CPU.Build.0 = Debug|Any CPU
		{39F40744-649A-49ED-B9D8-6186460C4ABE}.Release|Any CPU.ActiveCfg = Release|Any CPU
		{39F40744-649A-49ED-B9D8-6186460C4ABE}.Release|Any CPU.Build.0 = Release|Any CPU
		{95F61439-B054-4DFA-8000-B01181895309}.Debug|Any CPU.ActiveCfg = Debug|Any CPU
		{95F61439-B054-4DFA-8000-B01181895309}.Debug|Any CPU.Build.0 = Debug|Any CPU
		{95F61439-B054-4DFA-8000-B01181895309}.Release|Any CPU.ActiveCfg = Release|Any CPU
		{95F61439-B054-4DFA-8000-B01181895309}.Release|Any CPU.Build.0 = Release|Any CPU
		{08A2C876-0B24-4C8A-90FC-8B916556ACBF}.Debug|Any CPU.ActiveCfg = Debug|Any CPU
		{08A2C876-0B24-4C8A-90FC-8B916556ACBF}.Debug|Any CPU.Build.0 = Debug|Any CPU
		{08A2C876-0B24-4C8A-90FC-8B916556ACBF}.Release|Any CPU.ActiveCfg = Release|Any CPU
		{08A2C876-0B24-4C8A-90FC-8B916556ACBF}.Release|Any CPU.Build.0 = Release|Any CPU
	EndGlobalSection
	GlobalSection(SolutionProperties) = preSolution
		HideSolutionNode = FALSE
	EndGlobalSection
	GlobalSection(ExtensibilityGlobals) = postSolution
		SolutionGuid = {4D868E56-011F-4BEB-90F9-E9DC3D9E90C0}
	EndGlobalSection
EndGlobal
